
Microsoft Visual Studio Solution File, Format Version 12.00
# Visual Studio Version 17
VisualStudioVersion = 17.11.35327.3
MinimumVisualStudioVersion = 10.0.40219.1
Project("{FAE04EC0-301F-11D3-BF4B-00C04F79EFBC}") = "week4_hw_test", "week4_hw_test\week4_hw_test.csproj", "{B1FF0E34-886A-43DA-9CB6-B5791056DBA6}"
EndProject
Global
	GlobalSection(SolutionConfigurationPlatforms) = preSolution
		Debug|Any CPU = Debug|Any CPU
		Release|Any CPU = Release|Any CPU
	EndGlobalSection
	GlobalSection(ProjectConfigurationPlatforms) = postSolution
		{B1FF0E34-886A-43DA-9CB6-B5791056DBA6}.Debug|Any CPU.ActiveCfg = Debug|Any CPU
		{B1FF0E34-886A-43DA-9CB6-B5791056DBA6}.Debug|Any CPU.Build.0 = Debug|Any CPU
		{B1FF0E34-886A-43DA-9CB6-B5791056DBA6}.Release|Any CPU.ActiveCfg = Release|Any CPU
		{B1FF0E34-886A-43DA-9CB6-B5791056DBA6}.Release|Any CPU.Build.0 = Release|Any CPU
	EndGlobalSection
	GlobalSection(SolutionProperties) = preSolution
		HideSolutionNode = FALSE
	EndGlobalSection
	GlobalSection(ExtensibilityGlobals) = postSolution
		SolutionGuid = {05E75600-61CC-4E74-A442-5FF8494F6E1C}
	EndGlobalSection
EndGlobal
